
Microsoft Visual Studio Solution File, Format Version 12.00
Project("{FAE04EC0-301F-11D3-BF4B-00C04F79EFBC}") = "ProcessBack", "ProcessBack\ProcessBack.csproj", "{FEA89E4A-8003-4547-984D-131C66D6795A}"
EndProject
Project("{FAE04EC0-301F-11D3-BF4B-00C04F79EFBC}") = "ProcessCommon", "ProcessCommon\ProcessCommon.csproj", "{60C5E27C-74C7-4482-A350-8AB235ACA4D8}"
EndProject
Project("{FAE04EC0-301F-11D3-BF4B-00C04F79EFBC}") = "API-Process", "API-Process\API-Process.csproj", "{91477809-4184-47A3-9C2C-B82D90B2DBB2}"
EndProject
Project("{FAE04EC0-301F-11D3-BF4B-00C04F79EFBC}") = "ProcessConsole", "ProcessConsole\ProcessConsole.csproj", "{22AB4D09-AF05-4BE1-B249-01577958E3AE}"
EndProject
Global
	GlobalSection(SolutionConfigurationPlatforms) = preSolution
		Debug|Any CPU = Debug|Any CPU
		Release|Any CPU = Release|Any CPU
	EndGlobalSection
	GlobalSection(ProjectConfigurationPlatforms) = postSolution
		{FEA89E4A-8003-4547-984D-131C66D6795A}.Debug|Any CPU.ActiveCfg = Debug|Any CPU
		{FEA89E4A-8003-4547-984D-131C66D6795A}.Debug|Any CPU.Build.0 = Debug|Any CPU
		{FEA89E4A-8003-4547-984D-131C66D6795A}.Release|Any CPU.ActiveCfg = Release|Any CPU
		{FEA89E4A-8003-4547-984D-131C66D6795A}.Release|Any CPU.Build.0 = Release|Any CPU
		{60C5E27C-74C7-4482-A350-8AB235ACA4D8}.Debug|Any CPU.ActiveCfg = Debug|Any CPU
		{60C5E27C-74C7-4482-A350-8AB235ACA4D8}.Debug|Any CPU.Build.0 = Debug|Any CPU
		{60C5E27C-74C7-4482-A350-8AB235ACA4D8}.Release|Any CPU.ActiveCfg = Release|Any CPU
		{60C5E27C-74C7-4482-A350-8AB235ACA4D8}.Release|Any CPU.Build.0 = Release|Any CPU
		{91477809-4184-47A3-9C2C-B82D90B2DBB2}.Debug|Any CPU.ActiveCfg = Debug|Any CPU
		{91477809-4184-47A3-9C2C-B82D90B2DBB2}.Debug|Any CPU.Build.0 = Debug|Any CPU
		{91477809-4184-47A3-9C2C-B82D90B2DBB2}.Release|Any CPU.ActiveCfg = Release|Any CPU
		{91477809-4184-47A3-9C2C-B82D90B2DBB2}.Release|Any CPU.Build.0 = Release|Any CPU
		{22AB4D09-AF05-4BE1-B249-01577958E3AE}.Debug|Any CPU.ActiveCfg = Debug|Any CPU
		{22AB4D09-AF05-4BE1-B249-01577958E3AE}.Debug|Any CPU.Build.0 = Debug|Any CPU
		{22AB4D09-AF05-4BE1-B249-01577958E3AE}.Release|Any CPU.ActiveCfg = Release|Any CPU
		{22AB4D09-AF05-4BE1-B249-01577958E3AE}.Release|Any CPU.Build.0 = Release|Any CPU
	EndGlobalSection
EndGlobal
