
Microsoft Visual Studio Solution File, Format Version 12.00
Project("{FAE04EC0-301F-11D3-BF4B-00C04F79EFBC}") = "GSM00200Common", "GSM00200Common\GSM00200Common.csproj", "{8377CC8D-8703-4059-BF20-F49E3972CC1A}"
EndProject
Project("{F184B08F-C81C-45F6-A57F-5ABD9991F28F}") = "GSM00200Back", "GSM00200Back\GSM00200Back.vbproj", "{E9822F01-2ACF-4365-8570-BF83F51DC176}"
EndProject
Project("{FAE04EC0-301F-11D3-BF4B-00C04F79EFBC}") = "GSM00200Service", "GSM00200Service\GSM00200Service.csproj", "{BD42C78C-A2ED-4838-920B-F170341474C0}"
EndProject
Project("{2150E333-8FDC-42A3-9474-1A3956D46DE8}") = "Authorization", "Authorization", "{9721998B-1057-46C3-8966-9BECA54908F6}"
EndProject
Project("{F184B08F-C81C-45F6-A57F-5ABD9991F28F}") = "AuthBack", "AuthBack\AuthBack.vbproj", "{0AE5DEB9-04CC-4AA7-B5E2-833DB2A485FF}"
EndProject
Project("{FAE04EC0-301F-11D3-BF4B-00C04F79EFBC}") = "AuthCommon", "AuthCommon\AuthCommon.csproj", "{52E3972C-8417-47FE-A8A6-927FD733AB22}"
EndProject
Project("{FAE04EC0-301F-11D3-BF4B-00C04F79EFBC}") = "AuthService", "AuthService\AuthService.csproj", "{47B0F548-2898-4922-AFC2-C7154C77204D}"
EndProject
Project("{FAE04EC0-301F-11D3-BF4B-00C04F79EFBC}") = "RealtaAPI", "RealtaAPI\RealtaAPI.csproj", "{45A650A0-FE10-4E40-89DA-03E5B7B6FFC4}"
EndProject
Global
	GlobalSection(SolutionConfigurationPlatforms) = preSolution
		Debug|Any CPU = Debug|Any CPU
		Release|Any CPU = Release|Any CPU
	EndGlobalSection
	GlobalSection(ProjectConfigurationPlatforms) = postSolution
		{8377CC8D-8703-4059-BF20-F49E3972CC1A}.Debug|Any CPU.ActiveCfg = Debug|Any CPU
		{8377CC8D-8703-4059-BF20-F49E3972CC1A}.Debug|Any CPU.Build.0 = Debug|Any CPU
		{8377CC8D-8703-4059-BF20-F49E3972CC1A}.Release|Any CPU.ActiveCfg = Release|Any CPU
		{8377CC8D-8703-4059-BF20-F49E3972CC1A}.Release|Any CPU.Build.0 = Release|Any CPU
		{E9822F01-2ACF-4365-8570-BF83F51DC176}.Debug|Any CPU.ActiveCfg = Debug|Any CPU
		{E9822F01-2ACF-4365-8570-BF83F51DC176}.Debug|Any CPU.Build.0 = Debug|Any CPU
		{E9822F01-2ACF-4365-8570-BF83F51DC176}.Release|Any CPU.ActiveCfg = Release|Any CPU
		{E9822F01-2ACF-4365-8570-BF83F51DC176}.Release|Any CPU.Build.0 = Release|Any CPU
		{BD42C78C-A2ED-4838-920B-F170341474C0}.Debug|Any CPU.ActiveCfg = Debug|Any CPU
		{BD42C78C-A2ED-4838-920B-F170341474C0}.Debug|Any CPU.Build.0 = Debug|Any CPU
		{BD42C78C-A2ED-4838-920B-F170341474C0}.Release|Any CPU.ActiveCfg = Release|Any CPU
		{BD42C78C-A2ED-4838-920B-F170341474C0}.Release|Any CPU.Build.0 = Release|Any CPU
		{0AE5DEB9-04CC-4AA7-B5E2-833DB2A485FF}.Debug|Any CPU.ActiveCfg = Debug|Any CPU
		{0AE5DEB9-04CC-4AA7-B5E2-833DB2A485FF}.Debug|Any CPU.Build.0 = Debug|Any CPU
		{0AE5DEB9-04CC-4AA7-B5E2-833DB2A485FF}.Release|Any CPU.ActiveCfg = Release|Any CPU
		{0AE5DEB9-04CC-4AA7-B5E2-833DB2A485FF}.Release|Any CPU.Build.0 = Release|Any CPU
		{52E3972C-8417-47FE-A8A6-927FD733AB22}.Debug|Any CPU.ActiveCfg = Debug|Any CPU
		{52E3972C-8417-47FE-A8A6-927FD733AB22}.Debug|Any CPU.Build.0 = Debug|Any CPU
		{52E3972C-8417-47FE-A8A6-927FD733AB22}.Release|Any CPU.ActiveCfg = Release|Any CPU
		{52E3972C-8417-47FE-A8A6-927FD733AB22}.Release|Any CPU.Build.0 = Release|Any CPU
		{47B0F548-2898-4922-AFC2-C7154C77204D}.Debug|Any CPU.ActiveCfg = Debug|Any CPU
		{47B0F548-2898-4922-AFC2-C7154C77204D}.Debug|Any CPU.Build.0 = Debug|Any CPU
		{47B0F548-2898-4922-AFC2-C7154C77204D}.Release|Any CPU.ActiveCfg = Release|Any CPU
		{47B0F548-2898-4922-AFC2-C7154C77204D}.Release|Any CPU.Build.0 = Release|Any CPU
		{45A650A0-FE10-4E40-89DA-03E5B7B6FFC4}.Debug|Any CPU.ActiveCfg = Debug|Any CPU
		{45A650A0-FE10-4E40-89DA-03E5B7B6FFC4}.Debug|Any CPU.Build.0 = Debug|Any CPU
		{45A650A0-FE10-4E40-89DA-03E5B7B6FFC4}.Release|Any CPU.ActiveCfg = Release|Any CPU
		{45A650A0-FE10-4E40-89DA-03E5B7B6FFC4}.Release|Any CPU.Build.0 = Release|Any CPU
	EndGlobalSection
	GlobalSection(NestedProjects) = preSolution
		{0AE5DEB9-04CC-4AA7-B5E2-833DB2A485FF} = {9721998B-1057-46C3-8966-9BECA54908F6}
		{52E3972C-8417-47FE-A8A6-927FD733AB22} = {9721998B-1057-46C3-8966-9BECA54908F6}
		{47B0F548-2898-4922-AFC2-C7154C77204D} = {9721998B-1057-46C3-8966-9BECA54908F6}
	EndGlobalSection
EndGlobal
